{
  "name": "mikasa",
  "version": "1.0.0",
  "lockfileVersion": 1,
  "requires": true,
  "dependencies": {
    "@vant/weapp": {
      "version": "1.6.8",
      "resolved": "https://registry.nlark.com/@vant/weapp/download/@vant/weapp-1.6.8.tgz?cache=0&sync_timestamp=1621751117302&other_urls=https%3A%2F%2Fregistry.nlark.com%2F%40vant%2Fweapp%2Fdownload%2F%40vant%2Fweapp-1.6.8.tgz",
      "integrity": "sha1-lIrhb7oHxaIFTFJ4PyKq9qBEU+E="
    },
    "echarts": {
      "version": "5.1.1",
      "resolved": "https://registry.nlark.com/echarts/download/echarts-5.1.1.tgz?cache=0&sync_timestamp=1619495447964&other_urls=https%3A%2F%2Fregistry.nlark.com%2Fecharts%2Fdownload%2Fecharts-5.1.1.tgz",
      "integrity": "sha1-sYbxYvAXxVXP1nsS7eZ2K9w939o=",
      "requires": {
        "tslib": "2.0.3",
        "zrender": "5.1.0"
      }
    },
    "mpvue-echarts": {
      "version": "0.3.2",
      "resolved": "https://registry.npm.taobao.org/mpvue-echarts/download/mpvue-echarts-0.3.2.tgz",
      "integrity": "sha1-4Iqd2CM9zjBuJIo0cL9/AnlCKsI="
    },
    "tslib": {
      "version": "2.0.3",
      "resolved": "https://registry.npm.taobao.org/tslib/download/tslib-2.0.3.tgz?cache=0&sync_timestamp=1617647331485&other_urls=https%3A%2F%2Fregistry.npm.taobao.org%2Ftslib%2Fdownload%2Ftslib-2.0.3.tgz",
      "integrity": "sha1-jgdBrEX8DCJuWKF7/D5kubxsphw="
    },
    "zrender": {
      "version": "5.1.0",
      "resolved": "https://registry.nlark.com/zrender/download/zrender-5.1.0.tgz",
      "integrity": "sha1-tqhMOqfMxmQu4FGZAcpMCDXE2F4=",
      "requires": {
        "tslib": "2.0.3"
      }
    }
  }
}
